// !$*UTF8*$!
{
	archiveVersion = 1;
	classes = {
	};
	objectVersion = 56;
	objects = {

/* Begin PBXBuildFile section */
		570612092B1BC70000CA99B4 /* FeatureFilterItem.swift in Sources */ = {isa = PBXBuildFile; fileRef = 570612082B1BC70000CA99B4 /* FeatureFilterItem.swift */; };
		5706120B2B1C244800CA99B4 /* CategoryFilterItem.swift in Sources */ = {isa = PBXBuildFile; fileRef = 5706120A2B1C244800CA99B4 /* CategoryFilterItem.swift */; };
		57103B602B1865FE006F5BAD /* SearchField.swift in Sources */ = {isa = PBXBuildFile; fileRef = 57103B5F2B1865FE006F5BAD /* SearchField.swift */; };
		571556AA2B1C51BE000185C1 /* BuildingCard.swift in Sources */ = {isa = PBXBuildFile; fileRef = 571556A92B1C51BE000185C1 /* BuildingCard.swift */; };
		571556AC2B1C5ABE000185C1 /* BuildingDetailRow.swift in Sources */ = {isa = PBXBuildFile; fileRef = 571556AB2B1C5ABE000185C1 /* BuildingDetailRow.swift */; };
		571556AE2B1CF9D3000185C1 /* LocationManager.swift in Sources */ = {isa = PBXBuildFile; fileRef = 571556AD2B1CF9D3000185C1 /* LocationManager.swift */; };
		572161062B17A1CE00087239 /* AvatarView.swift in Sources */ = {isa = PBXBuildFile; fileRef = 572161052B17A1CE00087239 /* AvatarView.swift */; };
		572161082B17A41800087239 /* SearchFiltersView.swift in Sources */ = {isa = PBXBuildFile; fileRef = 572161072B17A41800087239 /* SearchFiltersView.swift */; };
		572A8EA02B272B040087A7A7 /* OODShareLink.swift in Sources */ = {isa = PBXBuildFile; fileRef = 572A8E9F2B272B040087A7A7 /* OODShareLink.swift */; };
		572A8EA22B27A74E0087A7A7 /* WebView.swift in Sources */ = {isa = PBXBuildFile; fileRef = 572A8EA12B27A74E0087A7A7 /* WebView.swift */; };
		572A8EA42B27ACE30087A7A7 /* SFSafariWebWrapper.swift in Sources */ = {isa = PBXBuildFile; fileRef = 572A8EA32B27ACE30087A7A7 /* SFSafariWebWrapper.swift */; };
		572A8EA72B27B42C0087A7A7 /* NetworkMonitor.swift in Sources */ = {isa = PBXBuildFile; fileRef = 572A8EA62B27B42C0087A7A7 /* NetworkMonitor.swift */; };
		572A8EA92B27B5470087A7A7 /* SuggestNewPlace.swift in Sources */ = {isa = PBXBuildFile; fileRef = 572A8EA82B27B5470087A7A7 /* SuggestNewPlace.swift */; };
		572A8EAE2B27E95F0087A7A7 /* FirebaseAuth in Frameworks */ = {isa = PBXBuildFile; productRef = 572A8EAD2B27E95F0087A7A7 /* FirebaseAuth */; };
		572A8EB02B27E95F0087A7A7 /* FirebaseDatabase in Frameworks */ = {isa = PBXBuildFile; productRef = 572A8EAF2B27E95F0087A7A7 /* FirebaseDatabase */; };
		572A8EB22B27E95F0087A7A7 /* FirebaseDatabaseSwift in Frameworks */ = {isa = PBXBuildFile; productRef = 572A8EB12B27E95F0087A7A7 /* FirebaseDatabaseSwift */; };
		572A8EB42B27E95F0087A7A7 /* FirebaseFirestoreSwift in Frameworks */ = {isa = PBXBuildFile; productRef = 572A8EB32B27E95F0087A7A7 /* FirebaseFirestoreSwift */; };
		572A8EB62B27E95F0087A7A7 /* FirebaseStorage in Frameworks */ = {isa = PBXBuildFile; productRef = 572A8EB52B27E95F0087A7A7 /* FirebaseStorage */; };
		572A8EB82B27EB1B0087A7A7 /* GoogleService-Info.plist in Resources */ = {isa = PBXBuildFile; fileRef = 572A8EB72B27EB1A0087A7A7 /* GoogleService-Info.plist */; };
		572A8EBA2B27EB6B0087A7A7 /* Suggestion.swift in Sources */ = {isa = PBXBuildFile; fileRef = 572A8EB92B27EB6B0087A7A7 /* Suggestion.swift */; };
		572A8EBC2B2809D30087A7A7 /* SplashScreen.swift in Sources */ = {isa = PBXBuildFile; fileRef = 572A8EBB2B2809D30087A7A7 /* SplashScreen.swift */; };
		5733483B2B2D3AAC008E03BD /* status.png in Resources */ = {isa = PBXBuildFile; fileRef = 5733483A2B2D3AAB008E03BD /* status.png */; };
		57370F202B2044C4001ECD52 /* BuildingViewMap.swift in Sources */ = {isa = PBXBuildFile; fileRef = 57370F1F2B2044C4001ECD52 /* BuildingViewMap.swift */; };
		5745E6B12B1165F00037D799 /* BuildingList.swift in Sources */ = {isa = PBXBuildFile; fileRef = 5745E6B02B1165F00037D799 /* BuildingList.swift */; };
		5745E6B42B118A6F0037D799 /* StringExtensions.swift in Sources */ = {isa = PBXBuildFile; fileRef = 5745E6B32B118A6F0037D799 /* StringExtensions.swift */; };
		57525BA72B168D10006ECD2D /* Models.swift in Sources */ = {isa = PBXBuildFile; fileRef = 57525BA62B168D10006ECD2D /* Models.swift */; };
		57525BA92B168D81006ECD2D /* Enums.swift in Sources */ = {isa = PBXBuildFile; fileRef = 57525BA82B168D81006ECD2D /* Enums.swift */; };
		5754ED4C2B296E75000CB7D8 /* buildings.json in Resources */ = {isa = PBXBuildFile; fileRef = 5754ED4B2B296E75000CB7D8 /* buildings.json */; };
		5769EA262B108B830038C2A3 /* Building.swift in Sources */ = {isa = PBXBuildFile; fileRef = 5769EA252B108B830038C2A3 /* Building.swift */; };
		5769EA292B108D710038C2A3 /* UtilityFunctions.swift in Sources */ = {isa = PBXBuildFile; fileRef = 5769EA282B108D710038C2A3 /* UtilityFunctions.swift */; };
		5769EA2C2B108FBA0038C2A3 /* AppModelFetch.swift in Sources */ = {isa = PBXBuildFile; fileRef = 5769EA2B2B108FBA0038C2A3 /* AppModelFetch.swift */; };
		5769EA312B10910B0038C2A3 /* Config.swift in Sources */ = {isa = PBXBuildFile; fileRef = 5769EA302B10910B0038C2A3 /* Config.swift */; };
		5769EA332B1092690038C2A3 /* AppModelLocalStorage.swift in Sources */ = {isa = PBXBuildFile; fileRef = 5769EA322B1092690038C2A3 /* AppModelLocalStorage.swift */; };
		5769EA352B1095D40038C2A3 /* ConfigModel.swift in Sources */ = {isa = PBXBuildFile; fileRef = 5769EA342B1095D40038C2A3 /* ConfigModel.swift */; };
		5769EA372B1096040038C2A3 /* PreferencesModel.swift in Sources */ = {isa = PBXBuildFile; fileRef = 5769EA362B1096040038C2A3 /* PreferencesModel.swift */; };
		5771701D2B0EEE9E00EA4D46 /* OttawaOpenDoorsApp.swift in Sources */ = {isa = PBXBuildFile; fileRef = 5771701C2B0EEE9E00EA4D46 /* OttawaOpenDoorsApp.swift */; };
		5771701F2B0EEE9E00EA4D46 /* ContentView.swift in Sources */ = {isa = PBXBuildFile; fileRef = 5771701E2B0EEE9E00EA4D46 /* ContentView.swift */; };
		577170212B0EEEA000EA4D46 /* Assets.xcassets in Resources */ = {isa = PBXBuildFile; fileRef = 577170202B0EEEA000EA4D46 /* Assets.xcassets */; };
		577170242B0EEEA000EA4D46 /* Preview Assets.xcassets in Resources */ = {isa = PBXBuildFile; fileRef = 577170232B0EEEA000EA4D46 /* Preview Assets.xcassets */; };
		5771702E2B0EEEA000EA4D46 /* OttawaOpenDoorsTests.swift in Sources */ = {isa = PBXBuildFile; fileRef = 5771702D2B0EEEA000EA4D46 /* OttawaOpenDoorsTests.swift */; };
		577170382B0EEEA000EA4D46 /* OttawaOpenDoorsUITests.swift in Sources */ = {isa = PBXBuildFile; fileRef = 577170372B0EEEA000EA4D46 /* OttawaOpenDoorsUITests.swift */; };
		5771703A2B0EEEA000EA4D46 /* OttawaOpenDoorsUITestsLaunchTests.swift in Sources */ = {isa = PBXBuildFile; fileRef = 577170392B0EEEA000EA4D46 /* OttawaOpenDoorsUITestsLaunchTests.swift */; };
		5771704B2B0EF57000EA4D46 /* MainView.swift in Sources */ = {isa = PBXBuildFile; fileRef = 5771704A2B0EF57000EA4D46 /* MainView.swift */; };
		577170502B0EF60400EA4D46 /* Constants.swift in Sources */ = {isa = PBXBuildFile; fileRef = 5771704F2B0EF60400EA4D46 /* Constants.swift */; };
		577170552B0EF9B700EA4D46 /* MapView.swift in Sources */ = {isa = PBXBuildFile; fileRef = 577170542B0EF9B700EA4D46 /* MapView.swift */; };
		577170572B0EFBF400EA4D46 /* TopNavigation.swift in Sources */ = {isa = PBXBuildFile; fileRef = 577170562B0EFBF400EA4D46 /* TopNavigation.swift */; };
		5771705A2B0EFCFF00EA4D46 /* SavedView.swift in Sources */ = {isa = PBXBuildFile; fileRef = 577170592B0EFCFF00EA4D46 /* SavedView.swift */; };
		5771705D2B0EFD8C00EA4D46 /* MoreView.swift in Sources */ = {isa = PBXBuildFile; fileRef = 5771705C2B0EFD8C00EA4D46 /* MoreView.swift */; };
		5771705F2B0F115400EA4D46 /* LanguageSelectionView.swift in Sources */ = {isa = PBXBuildFile; fileRef = 5771705E2B0F115400EA4D46 /* LanguageSelectionView.swift */; };
		577447CA2B0FBAC900AD29A5 /* Style.swift in Sources */ = {isa = PBXBuildFile; fileRef = 577447C92B0FBAC900AD29A5 /* Style.swift */; };
		5779CA972B16D0820014488A /* Sort.swift in Sources */ = {isa = PBXBuildFile; fileRef = 5779CA962B16D0820014488A /* Sort.swift */; };
		577FFD582B26EC93009A9196 /* BuildingMapPreview.swift in Sources */ = {isa = PBXBuildFile; fileRef = 577FFD572B26EC93009A9196 /* BuildingMapPreview.swift */; };
		578082CA2B26328200C84B70 /* AppLanguageManager.swift in Sources */ = {isa = PBXBuildFile; fileRef = 578082C92B26328200C84B70 /* AppLanguageManager.swift */; };
		578082D02B2641C700C84B70 /* Localizable.xcstrings in Resources */ = {isa = PBXBuildFile; fileRef = 578082CF2B2641C700C84B70 /* Localizable.xcstrings */; };
		5790FA062B26872D00593CE1 /* AboutEventView.swift in Sources */ = {isa = PBXBuildFile; fileRef = 5790FA052B26872D00593CE1 /* AboutEventView.swift */; };
		5790FA082B26875600593CE1 /* AboutTeamView.swift in Sources */ = {isa = PBXBuildFile; fileRef = 5790FA072B26875600593CE1 /* AboutTeamView.swift */; };
		5790FA0A2B26876400593CE1 /* AboutDeveloperView.swift in Sources */ = {isa = PBXBuildFile; fileRef = 5790FA092B26876400593CE1 /* AboutDeveloperView.swift */; };
		57D4CE852B19BE8A00BDE02E /* FeatureFilter.swift in Sources */ = {isa = PBXBuildFile; fileRef = 57D4CE842B19BE8A00BDE02E /* FeatureFilter.swift */; };
		57D4CE872B19BE9D00BDE02E /* CategoryFilter.swift in Sources */ = {isa = PBXBuildFile; fileRef = 57D4CE862B19BE9D00BDE02E /* CategoryFilter.swift */; };
		57E9A2142B1EBE6B00CD5084 /* Toolbar.swift in Sources */ = {isa = PBXBuildFile; fileRef = 57E9A2132B1EBE6B00CD5084 /* Toolbar.swift */; };
		57E9A2162B1EFE4E00CD5084 /* BuildingView.swift in Sources */ = {isa = PBXBuildFile; fileRef = 57E9A2152B1EFE4E00CD5084 /* BuildingView.swift */; };
/* End PBXBuildFile section */

/* Begin PBXContainerItemProxy section */
		5771702A2B0EEEA000EA4D46 /* PBXContainerItemProxy */ = {
			isa = PBXContainerItemProxy;
			containerPortal = 577170112B0EEE9E00EA4D46 /* Project object */;
			proxyType = 1;
			remoteGlobalIDString = 577170182B0EEE9E00EA4D46;
			remoteInfo = OttawaOpenDoors;
		};
		577170342B0EEEA000EA4D46 /* PBXContainerItemProxy */ = {
			isa = PBXContainerItemProxy;
			containerPortal = 577170112B0EEE9E00EA4D46 /* Project object */;
			proxyType = 1;
			remoteGlobalIDString = 577170182B0EEE9E00EA4D46;
			remoteInfo = OttawaOpenDoors;
		};
/* End PBXContainerItemProxy section */

/* Begin PBXFileReference section */
		570612082B1BC70000CA99B4 /* FeatureFilterItem.swift */ = {isa = PBXFileReference; lastKnownFileType = sourcecode.swift; path = FeatureFilterItem.swift; sourceTree = "<group>"; };
		5706120A2B1C244800CA99B4 /* CategoryFilterItem.swift */ = {isa = PBXFileReference; lastKnownFileType = sourcecode.swift; path = CategoryFilterItem.swift; sourceTree = "<group>"; };
		57103B5F2B1865FE006F5BAD /* SearchField.swift */ = {isa = PBXFileReference; lastKnownFileType = sourcecode.swift; path = SearchField.swift; sourceTree = "<group>"; };
		571556A92B1C51BE000185C1 /* BuildingCard.swift */ = {isa = PBXFileReference; lastKnownFileType = sourcecode.swift; path = BuildingCard.swift; sourceTree = "<group>"; };
		571556AB2B1C5ABE000185C1 /* BuildingDetailRow.swift */ = {isa = PBXFileReference; lastKnownFileType = sourcecode.swift; path = BuildingDetailRow.swift; sourceTree = "<group>"; };
		571556AD2B1CF9D3000185C1 /* LocationManager.swift */ = {isa = PBXFileReference; lastKnownFileType = sourcecode.swift; path = LocationManager.swift; sourceTree = "<group>"; };
		572161052B17A1CE00087239 /* AvatarView.swift */ = {isa = PBXFileReference; lastKnownFileType = sourcecode.swift; path = AvatarView.swift; sourceTree = "<group>"; };
		572161072B17A41800087239 /* SearchFiltersView.swift */ = {isa = PBXFileReference; lastKnownFileType = sourcecode.swift; path = SearchFiltersView.swift; sourceTree = "<group>"; };
		572A8E9F2B272B040087A7A7 /* OODShareLink.swift */ = {isa = PBXFileReference; lastKnownFileType = sourcecode.swift; path = OODShareLink.swift; sourceTree = "<group>"; };
		572A8EA12B27A74E0087A7A7 /* WebView.swift */ = {isa = PBXFileReference; lastKnownFileType = sourcecode.swift; path = WebView.swift; sourceTree = "<group>"; };
		572A8EA32B27ACE30087A7A7 /* SFSafariWebWrapper.swift */ = {isa = PBXFileReference; lastKnownFileType = sourcecode.swift; path = SFSafariWebWrapper.swift; sourceTree = "<group>"; };
		572A8EA62B27B42C0087A7A7 /* NetworkMonitor.swift */ = {isa = PBXFileReference; lastKnownFileType = sourcecode.swift; path = NetworkMonitor.swift; sourceTree = "<group>"; };
		572A8EA82B27B5470087A7A7 /* SuggestNewPlace.swift */ = {isa = PBXFileReference; lastKnownFileType = sourcecode.swift; path = SuggestNewPlace.swift; sourceTree = "<group>"; };
		572A8EB72B27EB1A0087A7A7 /* GoogleService-Info.plist */ = {isa = PBXFileReference; fileEncoding = 4; lastKnownFileType = text.plist.xml; path = "GoogleService-Info.plist"; sourceTree = "<group>"; };
		572A8EB92B27EB6B0087A7A7 /* Suggestion.swift */ = {isa = PBXFileReference; lastKnownFileType = sourcecode.swift; path = Suggestion.swift; sourceTree = "<group>"; };
		572A8EBB2B2809D30087A7A7 /* SplashScreen.swift */ = {isa = PBXFileReference; lastKnownFileType = sourcecode.swift; path = SplashScreen.swift; sourceTree = "<group>"; };
		573348372B2D3A4B008E03BD /* README.md */ = {isa = PBXFileReference; lastKnownFileType = net.daringfireball.markdown; path = README.md; sourceTree = "<group>"; };
		5733483A2B2D3AAB008E03BD /* status.png */ = {isa = PBXFileReference; lastKnownFileType = image.png; path = status.png; sourceTree = "<group>"; };
		57370F1F2B2044C4001ECD52 /* BuildingViewMap.swift */ = {isa = PBXFileReference; lastKnownFileType = sourcecode.swift; path = BuildingViewMap.swift; sourceTree = "<group>"; };
		5745E6B02B1165F00037D799 /* BuildingList.swift */ = {isa = PBXFileReference; lastKnownFileType = sourcecode.swift; path = BuildingList.swift; sourceTree = "<group>"; };
		5745E6B32B118A6F0037D799 /* StringExtensions.swift */ = {isa = PBXFileReference; lastKnownFileType = sourcecode.swift; path = StringExtensions.swift; sourceTree = "<group>"; };
		57525BA62B168D10006ECD2D /* Models.swift */ = {isa = PBXFileReference; lastKnownFileType = sourcecode.swift; path = Models.swift; sourceTree = "<group>"; };
		57525BA82B168D81006ECD2D /* Enums.swift */ = {isa = PBXFileReference; lastKnownFileType = sourcecode.swift; path = Enums.swift; sourceTree = "<group>"; };
		5754ED4B2B296E75000CB7D8 /* buildings.json */ = {isa = PBXFileReference; lastKnownFileType = text.json; path = buildings.json; sourceTree = "<group>"; };
		5769EA252B108B830038C2A3 /* Building.swift */ = {isa = PBXFileReference; lastKnownFileType = sourcecode.swift; path = Building.swift; sourceTree = "<group>"; };
		5769EA282B108D710038C2A3 /* UtilityFunctions.swift */ = {isa = PBXFileReference; lastKnownFileType = sourcecode.swift; path = UtilityFunctions.swift; sourceTree = "<group>"; };
		5769EA2B2B108FBA0038C2A3 /* AppModelFetch.swift */ = {isa = PBXFileReference; lastKnownFileType = sourcecode.swift; path = AppModelFetch.swift; sourceTree = "<group>"; };
		5769EA302B10910B0038C2A3 /* Config.swift */ = {isa = PBXFileReference; lastKnownFileType = sourcecode.swift; path = Config.swift; sourceTree = "<group>"; };
		5769EA322B1092690038C2A3 /* AppModelLocalStorage.swift */ = {isa = PBXFileReference; lastKnownFileType = sourcecode.swift; path = AppModelLocalStorage.swift; sourceTree = "<group>"; };
		5769EA342B1095D40038C2A3 /* ConfigModel.swift */ = {isa = PBXFileReference; lastKnownFileType = sourcecode.swift; path = ConfigModel.swift; sourceTree = "<group>"; };
		5769EA362B1096040038C2A3 /* PreferencesModel.swift */ = {isa = PBXFileReference; lastKnownFileType = sourcecode.swift; path = PreferencesModel.swift; sourceTree = "<group>"; };
		577170192B0EEE9E00EA4D46 /* OttawaOpenDoors.app */ = {isa = PBXFileReference; explicitFileType = wrapper.application; includeInIndex = 0; path = OttawaOpenDoors.app; sourceTree = BUILT_PRODUCTS_DIR; };
		5771701C2B0EEE9E00EA4D46 /* OttawaOpenDoorsApp.swift */ = {isa = PBXFileReference; lastKnownFileType = sourcecode.swift; path = OttawaOpenDoorsApp.swift; sourceTree = "<group>"; };
		5771701E2B0EEE9E00EA4D46 /* ContentView.swift */ = {isa = PBXFileReference; lastKnownFileType = sourcecode.swift; path = ContentView.swift; sourceTree = "<group>"; };
		577170202B0EEEA000EA4D46 /* Assets.xcassets */ = {isa = PBXFileReference; lastKnownFileType = folder.assetcatalog; path = Assets.xcassets; sourceTree = "<group>"; };
		577170232B0EEEA000EA4D46 /* Preview Assets.xcassets */ = {isa = PBXFileReference; lastKnownFileType = folder.assetcatalog; path = "Preview Assets.xcassets"; sourceTree = "<group>"; };
		577170292B0EEEA000EA4D46 /* OttawaOpenDoorsTests.xctest */ = {isa = PBXFileReference; explicitFileType = wrapper.cfbundle; includeInIndex = 0; path = OttawaOpenDoorsTests.xctest; sourceTree = BUILT_PRODUCTS_DIR; };
		5771702D2B0EEEA000EA4D46 /* OttawaOpenDoorsTests.swift */ = {isa = PBXFileReference; lastKnownFileType = sourcecode.swift; path = OttawaOpenDoorsTests.swift; sourceTree = "<group>"; };
		577170332B0EEEA000EA4D46 /* OttawaOpenDoorsUITests.xctest */ = {isa = PBXFileReference; explicitFileType = wrapper.cfbundle; includeInIndex = 0; path = OttawaOpenDoorsUITests.xctest; sourceTree = BUILT_PRODUCTS_DIR; };
		577170372B0EEEA000EA4D46 /* OttawaOpenDoorsUITests.swift */ = {isa = PBXFileReference; lastKnownFileType = sourcecode.swift; path = OttawaOpenDoorsUITests.swift; sourceTree = "<group>"; };
		577170392B0EEEA000EA4D46 /* OttawaOpenDoorsUITestsLaunchTests.swift */ = {isa = PBXFileReference; lastKnownFileType = sourcecode.swift; path = OttawaOpenDoorsUITestsLaunchTests.swift; sourceTree = "<group>"; };
		5771704A2B0EF57000EA4D46 /* MainView.swift */ = {isa = PBXFileReference; lastKnownFileType = sourcecode.swift; path = MainView.swift; sourceTree = "<group>"; };
		5771704F2B0EF60400EA4D46 /* Constants.swift */ = {isa = PBXFileReference; lastKnownFileType = sourcecode.swift; path = Constants.swift; sourceTree = "<group>"; };
		577170542B0EF9B700EA4D46 /* MapView.swift */ = {isa = PBXFileReference; lastKnownFileType = sourcecode.swift; path = MapView.swift; sourceTree = "<group>"; };
		577170562B0EFBF400EA4D46 /* TopNavigation.swift */ = {isa = PBXFileReference; lastKnownFileType = sourcecode.swift; path = TopNavigation.swift; sourceTree = "<group>"; };
		577170592B0EFCFF00EA4D46 /* SavedView.swift */ = {isa = PBXFileReference; lastKnownFileType = sourcecode.swift; path = SavedView.swift; sourceTree = "<group>"; };
		5771705C2B0EFD8C00EA4D46 /* MoreView.swift */ = {isa = PBXFileReference; lastKnownFileType = sourcecode.swift; path = MoreView.swift; sourceTree = "<group>"; };
		5771705E2B0F115400EA4D46 /* LanguageSelectionView.swift */ = {isa = PBXFileReference; lastKnownFileType = sourcecode.swift; path = LanguageSelectionView.swift; sourceTree = "<group>"; };
		577447C92B0FBAC900AD29A5 /* Style.swift */ = {isa = PBXFileReference; lastKnownFileType = sourcecode.swift; path = Style.swift; sourceTree = "<group>"; };
		5779CA962B16D0820014488A /* Sort.swift */ = {isa = PBXFileReference; lastKnownFileType = sourcecode.swift; path = Sort.swift; sourceTree = "<group>"; };
		577FFD572B26EC93009A9196 /* BuildingMapPreview.swift */ = {isa = PBXFileReference; lastKnownFileType = sourcecode.swift; path = BuildingMapPreview.swift; sourceTree = "<group>"; };
		578082C92B26328200C84B70 /* AppLanguageManager.swift */ = {isa = PBXFileReference; lastKnownFileType = sourcecode.swift; path = AppLanguageManager.swift; sourceTree = "<group>"; };
		578082CF2B2641C700C84B70 /* Localizable.xcstrings */ = {isa = PBXFileReference; fileEncoding = 4; lastKnownFileType = text.json.xcstrings; path = Localizable.xcstrings; sourceTree = "<group>"; };
		5790FA052B26872D00593CE1 /* AboutEventView.swift */ = {isa = PBXFileReference; lastKnownFileType = sourcecode.swift; path = AboutEventView.swift; sourceTree = "<group>"; };
		5790FA072B26875600593CE1 /* AboutTeamView.swift */ = {isa = PBXFileReference; lastKnownFileType = sourcecode.swift; path = AboutTeamView.swift; sourceTree = "<group>"; };
		5790FA092B26876400593CE1 /* AboutDeveloperView.swift */ = {isa = PBXFileReference; lastKnownFileType = sourcecode.swift; path = AboutDeveloperView.swift; sourceTree = "<group>"; };
		57D4CE842B19BE8A00BDE02E /* FeatureFilter.swift */ = {isa = PBXFileReference; lastKnownFileType = sourcecode.swift; path = FeatureFilter.swift; sourceTree = "<group>"; };
		57D4CE862B19BE9D00BDE02E /* CategoryFilter.swift */ = {isa = PBXFileReference; lastKnownFileType = sourcecode.swift; path = CategoryFilter.swift; sourceTree = "<group>"; };
		57E9A2132B1EBE6B00CD5084 /* Toolbar.swift */ = {isa = PBXFileReference; lastKnownFileType = sourcecode.swift; path = Toolbar.swift; sourceTree = "<group>"; };
		57E9A2152B1EFE4E00CD5084 /* BuildingView.swift */ = {isa = PBXFileReference; lastKnownFileType = sourcecode.swift; path = BuildingView.swift; sourceTree = "<group>"; };
/* End PBXFileReference section */

/* Begin PBXFrameworksBuildPhase section */
		577170162B0EEE9E00EA4D46 /* Frameworks */ = {
			isa = PBXFrameworksBuildPhase;
			buildActionMask = 2147483647;
			files = (
				572A8EB22B27E95F0087A7A7 /* FirebaseDatabaseSwift in Frameworks */,
				572A8EB02B27E95F0087A7A7 /* FirebaseDatabase in Frameworks */,
				572A8EAE2B27E95F0087A7A7 /* FirebaseAuth in Frameworks */,
				572A8EB62B27E95F0087A7A7 /* FirebaseStorage in Frameworks */,
				572A8EB42B27E95F0087A7A7 /* FirebaseFirestoreSwift in Frameworks */,
			);
			runOnlyForDeploymentPostprocessing = 0;
		};
		577170262B0EEEA000EA4D46 /* Frameworks */ = {
			isa = PBXFrameworksBuildPhase;
			buildActionMask = 2147483647;
			files = (
			);
			runOnlyForDeploymentPostprocessing = 0;
		};
		577170302B0EEEA000EA4D46 /* Frameworks */ = {
			isa = PBXFrameworksBuildPhase;
			buildActionMask = 2147483647;
			files = (
			);
			runOnlyForDeploymentPostprocessing = 0;
		};
/* End PBXFrameworksBuildPhase section */

/* Begin PBXGroup section */
		572161042B17A1BE00087239 /* UI */ = {
			isa = PBXGroup;
			children = (
				572161052B17A1CE00087239 /* AvatarView.swift */,
				57103B5F2B1865FE006F5BAD /* SearchField.swift */,
				57D4CE842B19BE8A00BDE02E /* FeatureFilter.swift */,
				57D4CE862B19BE9D00BDE02E /* CategoryFilter.swift */,
				570612082B1BC70000CA99B4 /* FeatureFilterItem.swift */,
				5706120A2B1C244800CA99B4 /* CategoryFilterItem.swift */,
				571556AB2B1C5ABE000185C1 /* BuildingDetailRow.swift */,
				57E9A2132B1EBE6B00CD5084 /* Toolbar.swift */,
				5771705E2B0F115400EA4D46 /* LanguageSelectionView.swift */,
				57370F1F2B2044C4001ECD52 /* BuildingViewMap.swift */,
				577FFD572B26EC93009A9196 /* BuildingMapPreview.swift */,
				572A8E9F2B272B040087A7A7 /* OODShareLink.swift */,
				572A8EA12B27A74E0087A7A7 /* WebView.swift */,
				572A8EA32B27ACE30087A7A7 /* SFSafariWebWrapper.swift */,
			);
			path = UI;
			sourceTree = "<group>";
		};
		572A8EA52B27B41C0087A7A7 /* Services */ = {
			isa = PBXGroup;
			children = (
				572A8EA62B27B42C0087A7A7 /* NetworkMonitor.swift */,
			);
			path = Services;
			sourceTree = "<group>";
		};
		573348392B2D3A82008E03BD /* Assets */ = {
			isa = PBXGroup;
			children = (
				5733483A2B2D3AAB008E03BD /* status.png */,
			);
			path = Assets;
			sourceTree = "<group>";
		};
		5745E6B22B118A5F0037D799 /* Extensions */ = {
			isa = PBXGroup;
			children = (
				5745E6B32B118A6F0037D799 /* StringExtensions.swift */,
			);
			path = Extensions;
			sourceTree = "<group>";
		};
		5769EA272B108D5E0038C2A3 /* Utils */ = {
			isa = PBXGroup;
			children = (
				5769EA282B108D710038C2A3 /* UtilityFunctions.swift */,
			);
			path = Utils;
			sourceTree = "<group>";
		};
		5769EA2A2B108FA80038C2A3 /* Extensions */ = {
			isa = PBXGroup;
			children = (
				5769EA2B2B108FBA0038C2A3 /* AppModelFetch.swift */,
				5769EA322B1092690038C2A3 /* AppModelLocalStorage.swift */,
			);
			path = Extensions;
			sourceTree = "<group>";
		};
		5769EA2E2B1090F60038C2A3 /* Config */ = {
			isa = PBXGroup;
			children = (
				5769EA302B10910B0038C2A3 /* Config.swift */,
				5769EA342B1095D40038C2A3 /* ConfigModel.swift */,
				5769EA362B1096040038C2A3 /* PreferencesModel.swift */,
			);
			path = Config;
			sourceTree = "<group>";
		};
		577170102B0EEE9E00EA4D46 = {
			isa = PBXGroup;
			children = (
				573348392B2D3A82008E03BD /* Assets */,
				573348372B2D3A4B008E03BD /* README.md */,
				5754ED4B2B296E75000CB7D8 /* buildings.json */,
				5771701B2B0EEE9E00EA4D46 /* OttawaOpenDoors */,
				5771702C2B0EEEA000EA4D46 /* OttawaOpenDoorsTests */,
				577170362B0EEEA000EA4D46 /* OttawaOpenDoorsUITests */,
				5771701A2B0EEE9E00EA4D46 /* Products */,
			);
			sourceTree = "<group>";
		};
		5771701A2B0EEE9E00EA4D46 /* Products */ = {
			isa = PBXGroup;
			children = (
				577170192B0EEE9E00EA4D46 /* OttawaOpenDoors.app */,
				577170292B0EEEA000EA4D46 /* OttawaOpenDoorsTests.xctest */,
				577170332B0EEEA000EA4D46 /* OttawaOpenDoorsUITests.xctest */,
			);
			name = Products;
			sourceTree = "<group>";
		};
		5771701B2B0EEE9E00EA4D46 /* OttawaOpenDoors */ = {
			isa = PBXGroup;
			children = (
				578082CF2B2641C700C84B70 /* Localizable.xcstrings */,
				572A8EB72B27EB1A0087A7A7 /* GoogleService-Info.plist */,
				572A8EA52B27B41C0087A7A7 /* Services */,
				572161042B17A1BE00087239 /* UI */,
				5745E6B22B118A5F0037D799 /* Extensions */,
				5769EA2E2B1090F60038C2A3 /* Config */,
				5769EA272B108D5E0038C2A3 /* Utils */,
				577447C82B0FBABD00AD29A5 /* Style */,
				577170602B0F163500EA4D46 /* Views */,
				5771704C2B0EF58100EA4D46 /* Model */,
				577170472B0EEF7100EA4D46 /* Navigation */,
				5771701C2B0EEE9E00EA4D46 /* OttawaOpenDoorsApp.swift */,
				5771701E2B0EEE9E00EA4D46 /* ContentView.swift */,
				577170202B0EEEA000EA4D46 /* Assets.xcassets */,
				577170222B0EEEA000EA4D46 /* Preview Content */,
			);
			path = OttawaOpenDoors;
			sourceTree = "<group>";
		};
		577170222B0EEEA000EA4D46 /* Preview Content */ = {
			isa = PBXGroup;
			children = (
				577170232B0EEEA000EA4D46 /* Preview Assets.xcassets */,
			);
			path = "Preview Content";
			sourceTree = "<group>";
		};
		5771702C2B0EEEA000EA4D46 /* OttawaOpenDoorsTests */ = {
			isa = PBXGroup;
			children = (
				5771702D2B0EEEA000EA4D46 /* OttawaOpenDoorsTests.swift */,
			);
			path = OttawaOpenDoorsTests;
			sourceTree = "<group>";
		};
		577170362B0EEEA000EA4D46 /* OttawaOpenDoorsUITests */ = {
			isa = PBXGroup;
			children = (
				577170372B0EEEA000EA4D46 /* OttawaOpenDoorsUITests.swift */,
				577170392B0EEEA000EA4D46 /* OttawaOpenDoorsUITestsLaunchTests.swift */,
			);
			path = OttawaOpenDoorsUITests;
			sourceTree = "<group>";
		};
		577170472B0EEF7100EA4D46 /* Navigation */ = {
			isa = PBXGroup;
			children = (
				577170562B0EFBF400EA4D46 /* TopNavigation.swift */,
			);
			path = Navigation;
			sourceTree = "<group>";
		};
		5771704C2B0EF58100EA4D46 /* Model */ = {
			isa = PBXGroup;
			children = (
				5769EA2A2B108FA80038C2A3 /* Extensions */,
				5771704F2B0EF60400EA4D46 /* Constants.swift */,
				5769EA252B108B830038C2A3 /* Building.swift */,
				5745E6B02B1165F00037D799 /* BuildingList.swift */,
				57525BA62B168D10006ECD2D /* Models.swift */,
				57525BA82B168D81006ECD2D /* Enums.swift */,
				5779CA962B16D0820014488A /* Sort.swift */,
				571556AD2B1CF9D3000185C1 /* LocationManager.swift */,
				578082C92B26328200C84B70 /* AppLanguageManager.swift */,
				572A8EB92B27EB6B0087A7A7 /* Suggestion.swift */,
			);
			path = Model;
			sourceTree = "<group>";
		};
		577170602B0F163500EA4D46 /* Views */ = {
			isa = PBXGroup;
			children = (
				577170592B0EFCFF00EA4D46 /* SavedView.swift */,
				577170542B0EF9B700EA4D46 /* MapView.swift */,
				5771705C2B0EFD8C00EA4D46 /* MoreView.swift */,
				5771704A2B0EF57000EA4D46 /* MainView.swift */,
				572161072B17A41800087239 /* SearchFiltersView.swift */,
				571556A92B1C51BE000185C1 /* BuildingCard.swift */,
				57E9A2152B1EFE4E00CD5084 /* BuildingView.swift */,
				5790FA052B26872D00593CE1 /* AboutEventView.swift */,
				5790FA072B26875600593CE1 /* AboutTeamView.swift */,
				5790FA092B26876400593CE1 /* AboutDeveloperView.swift */,
				572A8EA82B27B5470087A7A7 /* SuggestNewPlace.swift */,
				572A8EBB2B2809D30087A7A7 /* SplashScreen.swift */,
			);
			path = Views;
			sourceTree = "<group>";
		};
		577447C82B0FBABD00AD29A5 /* Style */ = {
			isa = PBXGroup;
			children = (
				577447C92B0FBAC900AD29A5 /* Style.swift */,
			);
			path = Style;
			sourceTree = "<group>";
		};
/* End PBXGroup section */

/* Begin PBXNativeTarget section */
		577170182B0EEE9E00EA4D46 /* OttawaOpenDoors */ = {
			isa = PBXNativeTarget;
			buildConfigurationList = 5771703D2B0EEEA000EA4D46 /* Build configuration list for PBXNativeTarget "OttawaOpenDoors" */;
			buildPhases = (
				577170152B0EEE9E00EA4D46 /* Sources */,
				577170162B0EEE9E00EA4D46 /* Frameworks */,
				577170172B0EEE9E00EA4D46 /* Resources */,
			);
			buildRules = (
			);
			dependencies = (
			);
			name = OttawaOpenDoors;
			packageProductDependencies = (
				572A8EAD2B27E95F0087A7A7 /* FirebaseAuth */,
				572A8EAF2B27E95F0087A7A7 /* FirebaseDatabase */,
				572A8EB12B27E95F0087A7A7 /* FirebaseDatabaseSwift */,
				572A8EB32B27E95F0087A7A7 /* FirebaseFirestoreSwift */,
				572A8EB52B27E95F0087A7A7 /* FirebaseStorage */,
			);
			productName = OttawaOpenDoors;
			productReference = 577170192B0EEE9E00EA4D46 /* OttawaOpenDoors.app */;
			productType = "com.apple.product-type.application";
		};
		577170282B0EEEA000EA4D46 /* OttawaOpenDoorsTests */ = {
			isa = PBXNativeTarget;
			buildConfigurationList = 577170402B0EEEA000EA4D46 /* Build configuration list for PBXNativeTarget "OttawaOpenDoorsTests" */;
			buildPhases = (
				577170252B0EEEA000EA4D46 /* Sources */,
				577170262B0EEEA000EA4D46 /* Frameworks */,
				577170272B0EEEA000EA4D46 /* Resources */,
			);
			buildRules = (
			);
			dependencies = (
				5771702B2B0EEEA000EA4D46 /* PBXTargetDependency */,
			);
			name = OttawaOpenDoorsTests;
			productName = OttawaOpenDoorsTests;
			productReference = 577170292B0EEEA000EA4D46 /* OttawaOpenDoorsTests.xctest */;
			productType = "com.apple.product-type.bundle.unit-test";
		};
		577170322B0EEEA000EA4D46 /* OttawaOpenDoorsUITests */ = {
			isa = PBXNativeTarget;
			buildConfigurationList = 577170432B0EEEA000EA4D46 /* Build configuration list for PBXNativeTarget "OttawaOpenDoorsUITests" */;
			buildPhases = (
				5771702F2B0EEEA000EA4D46 /* Sources */,
				577170302B0EEEA000EA4D46 /* Frameworks */,
				577170312B0EEEA000EA4D46 /* Resources */,
			);
			buildRules = (
			);
			dependencies = (
				577170352B0EEEA000EA4D46 /* PBXTargetDependency */,
			);
			name = OttawaOpenDoorsUITests;
			productName = OttawaOpenDoorsUITests;
			productReference = 577170332B0EEEA000EA4D46 /* OttawaOpenDoorsUITests.xctest */;
			productType = "com.apple.product-type.bundle.ui-testing";
		};
/* End PBXNativeTarget section */

/* Begin PBXProject section */
		577170112B0EEE9E00EA4D46 /* Project object */ = {
			isa = PBXProject;
			attributes = {
				BuildIndependentTargetsInParallel = 1;
				LastSwiftUpdateCheck = 1500;
				LastUpgradeCheck = 1510;
				TargetAttributes = {
					577170182B0EEE9E00EA4D46 = {
						CreatedOnToolsVersion = 15.0.1;
					};
					577170282B0EEEA000EA4D46 = {
						CreatedOnToolsVersion = 15.0.1;
						TestTargetID = 577170182B0EEE9E00EA4D46;
					};
					577170322B0EEEA000EA4D46 = {
						CreatedOnToolsVersion = 15.0.1;
						TestTargetID = 577170182B0EEE9E00EA4D46;
					};
				};
			};
			buildConfigurationList = 577170142B0EEE9E00EA4D46 /* Build configuration list for PBXProject "OttawaOpenDoors" */;
			compatibilityVersion = "Xcode 14.0";
			developmentRegion = en;
			hasScannedForEncodings = 0;
			knownRegions = (
				en,
				Base,
				"fr-CA",
				fr,
			);
			mainGroup = 577170102B0EEE9E00EA4D46;
			packageReferences = (
				572A8EAC2B27E95E0087A7A7 /* XCRemoteSwiftPackageReference "firebase-ios-sdk" */,
			);
			productRefGroup = 5771701A2B0EEE9E00EA4D46 /* Products */;
			projectDirPath = "";
			projectRoot = "";
			targets = (
				577170182B0EEE9E00EA4D46 /* OttawaOpenDoors */,
				577170282B0EEEA000EA4D46 /* OttawaOpenDoorsTests */,
				577170322B0EEEA000EA4D46 /* OttawaOpenDoorsUITests */,
			);
		};
/* End PBXProject section */

/* Begin PBXResourcesBuildPhase section */
		577170172B0EEE9E00EA4D46 /* Resources */ = {
			isa = PBXResourcesBuildPhase;
			buildActionMask = 2147483647;
			files = (
				5754ED4C2B296E75000CB7D8 /* buildings.json in Resources */,
				577170242B0EEEA000EA4D46 /* Preview Assets.xcassets in Resources */,
				572A8EB82B27EB1B0087A7A7 /* GoogleService-Info.plist in Resources */,
				577170212B0EEEA000EA4D46 /* Assets.xcassets in Resources */,
				578082D02B2641C700C84B70 /* Localizable.xcstrings in Resources */,
				5733483B2B2D3AAC008E03BD /* status.png in Resources */,
			);
			runOnlyForDeploymentPostprocessing = 0;
		};
		577170272B0EEEA000EA4D46 /* Resources */ = {
			isa = PBXResourcesBuildPhase;
			buildActionMask = 2147483647;
			files = (
			);
			runOnlyForDeploymentPostprocessing = 0;
		};
		577170312B0EEEA000EA4D46 /* Resources */ = {
			isa = PBXResourcesBuildPhase;
			buildActionMask = 2147483647;
			files = (
			);
			runOnlyForDeploymentPostprocessing = 0;
		};
/* End PBXResourcesBuildPhase section */

/* Begin PBXSourcesBuildPhase section */
		577170152B0EEE9E00EA4D46 /* Sources */ = {
			isa = PBXSourcesBuildPhase;
			buildActionMask = 2147483647;
			files = (
				5769EA2C2B108FBA0038C2A3 /* AppModelFetch.swift in Sources */,
				57370F202B2044C4001ECD52 /* BuildingViewMap.swift in Sources */,
				577170552B0EF9B700EA4D46 /* MapView.swift in Sources */,
				5790FA0A2B26876400593CE1 /* AboutDeveloperView.swift in Sources */,
				5769EA312B10910B0038C2A3 /* Config.swift in Sources */,
				578082CA2B26328200C84B70 /* AppLanguageManager.swift in Sources */,
				5706120B2B1C244800CA99B4 /* CategoryFilterItem.swift in Sources */,
				5779CA972B16D0820014488A /* Sort.swift in Sources */,
				571556AE2B1CF9D3000185C1 /* LocationManager.swift in Sources */,
				572A8EBC2B2809D30087A7A7 /* SplashScreen.swift in Sources */,
				572A8EA42B27ACE30087A7A7 /* SFSafariWebWrapper.swift in Sources */,
				577170572B0EFBF400EA4D46 /* TopNavigation.swift in Sources */,
				57E9A2142B1EBE6B00CD5084 /* Toolbar.swift in Sources */,
				5769EA372B1096040038C2A3 /* PreferencesModel.swift in Sources */,
				572161082B17A41800087239 /* SearchFiltersView.swift in Sources */,
				57E9A2162B1EFE4E00CD5084 /* BuildingView.swift in Sources */,
				5771701F2B0EEE9E00EA4D46 /* ContentView.swift in Sources */,
				577FFD582B26EC93009A9196 /* BuildingMapPreview.swift in Sources */,
				5745E6B42B118A6F0037D799 /* StringExtensions.swift in Sources */,
				572161062B17A1CE00087239 /* AvatarView.swift in Sources */,
				5771705F2B0F115400EA4D46 /* LanguageSelectionView.swift in Sources */,
				572A8EA02B272B040087A7A7 /* OODShareLink.swift in Sources */,
				5771704B2B0EF57000EA4D46 /* MainView.swift in Sources */,
				572A8EA22B27A74E0087A7A7 /* WebView.swift in Sources */,
				5790FA082B26875600593CE1 /* AboutTeamView.swift in Sources */,
				571556AC2B1C5ABE000185C1 /* BuildingDetailRow.swift in Sources */,
				5769EA332B1092690038C2A3 /* AppModelLocalStorage.swift in Sources */,
				57525BA72B168D10006ECD2D /* Models.swift in Sources */,
				5771701D2B0EEE9E00EA4D46 /* OttawaOpenDoorsApp.swift in Sources */,
				5771705A2B0EFCFF00EA4D46 /* SavedView.swift in Sources */,
				5745E6B12B1165F00037D799 /* BuildingList.swift in Sources */,
				57103B602B1865FE006F5BAD /* SearchField.swift in Sources */,
				5769EA262B108B830038C2A3 /* Building.swift in Sources */,
				571556AA2B1C51BE000185C1 /* BuildingCard.swift in Sources */,
				57D4CE872B19BE9D00BDE02E /* CategoryFilter.swift in Sources */,
				572A8EBA2B27EB6B0087A7A7 /* Suggestion.swift in Sources */,
				57D4CE852B19BE8A00BDE02E /* FeatureFilter.swift in Sources */,
				577447CA2B0FBAC900AD29A5 /* Style.swift in Sources */,
				570612092B1BC70000CA99B4 /* FeatureFilterItem.swift in Sources */,
				5769EA292B108D710038C2A3 /* UtilityFunctions.swift in Sources */,
				577170502B0EF60400EA4D46 /* Constants.swift in Sources */,
				5771705D2B0EFD8C00EA4D46 /* MoreView.swift in Sources */,
				5790FA062B26872D00593CE1 /* AboutEventView.swift in Sources */,
				57525BA92B168D81006ECD2D /* Enums.swift in Sources */,
				572A8EA92B27B5470087A7A7 /* SuggestNewPlace.swift in Sources */,
				5769EA352B1095D40038C2A3 /* ConfigModel.swift in Sources */,
				572A8EA72B27B42C0087A7A7 /* NetworkMonitor.swift in Sources */,
			);
			runOnlyForDeploymentPostprocessing = 0;
		};
		577170252B0EEEA000EA4D46 /* Sources */ = {
			isa = PBXSourcesBuildPhase;
			buildActionMask = 2147483647;
			files = (
				5771702E2B0EEEA000EA4D46 /* OttawaOpenDoorsTests.swift in Sources */,
			);
			runOnlyForDeploymentPostprocessing = 0;
		};
		5771702F2B0EEEA000EA4D46 /* Sources */ = {
			isa = PBXSourcesBuildPhase;
			buildActionMask = 2147483647;
			files = (
				5771703A2B0EEEA000EA4D46 /* OttawaOpenDoorsUITestsLaunchTests.swift in Sources */,
				577170382B0EEEA000EA4D46 /* OttawaOpenDoorsUITests.swift in Sources */,
			);
			runOnlyForDeploymentPostprocessing = 0;
		};
/* End PBXSourcesBuildPhase section */

/* Begin PBXTargetDependency section */
		5771702B2B0EEEA000EA4D46 /* PBXTargetDependency */ = {
			isa = PBXTargetDependency;
			target = 577170182B0EEE9E00EA4D46 /* OttawaOpenDoors */;
			targetProxy = 5771702A2B0EEEA000EA4D46 /* PBXContainerItemProxy */;
		};
		577170352B0EEEA000EA4D46 /* PBXTargetDependency */ = {
			isa = PBXTargetDependency;
			target = 577170182B0EEE9E00EA4D46 /* OttawaOpenDoors */;
			targetProxy = 577170342B0EEEA000EA4D46 /* PBXContainerItemProxy */;
		};
/* End PBXTargetDependency section */

/* Begin XCBuildConfiguration section */
		5771703B2B0EEEA000EA4D46 /* Debug */ = {
			isa = XCBuildConfiguration;
			buildSettings = {
				ALWAYS_SEARCH_USER_PATHS = NO;
				ASSETCATALOG_COMPILER_GENERATE_SWIFT_ASSET_SYMBOL_EXTENSIONS = YES;
				CLANG_ANALYZER_LOCALIZABILITY_NONLOCALIZED = YES;
				CLANG_ANALYZER_NONNULL = YES;
				CLANG_ANALYZER_NUMBER_OBJECT_CONVERSION = YES_AGGRESSIVE;
				CLANG_CXX_LANGUAGE_STANDARD = "gnu++20";
				CLANG_ENABLE_MODULES = YES;
				CLANG_ENABLE_OBJC_ARC = YES;
				CLANG_ENABLE_OBJC_WEAK = YES;
				CLANG_WARN_BLOCK_CAPTURE_AUTORELEASING = YES;
				CLANG_WARN_BOOL_CONVERSION = YES;
				CLANG_WARN_COMMA = YES;
				CLANG_WARN_CONSTANT_CONVERSION = YES;
				CLANG_WARN_DEPRECATED_OBJC_IMPLEMENTATIONS = YES;
				CLANG_WARN_DIRECT_OBJC_ISA_USAGE = YES_ERROR;
				CLANG_WARN_DOCUMENTATION_COMMENTS = YES;
				CLANG_WARN_EMPTY_BODY = YES;
				CLANG_WARN_ENUM_CONVERSION = YES;
				CLANG_WARN_INFINITE_RECURSION = YES;
				CLANG_WARN_INT_CONVERSION = YES;
				CLANG_WARN_NON_LITERAL_NULL_CONVERSION = YES;
				CLANG_WARN_OBJC_IMPLICIT_RETAIN_SELF = YES;
				CLANG_WARN_OBJC_LITERAL_CONVERSION = YES;
				CLANG_WARN_OBJC_ROOT_CLASS = YES_ERROR;
				CLANG_WARN_QUOTED_INCLUDE_IN_FRAMEWORK_HEADER = YES;
				CLANG_WARN_RANGE_LOOP_ANALYSIS = YES;
				CLANG_WARN_STRICT_PROTOTYPES = YES;
				CLANG_WARN_SUSPICIOUS_MOVE = YES;
				CLANG_WARN_UNGUARDED_AVAILABILITY = YES_AGGRESSIVE;
				CLANG_WARN_UNREACHABLE_CODE = YES;
				CLANG_WARN__DUPLICATE_METHOD_MATCH = YES;
				COPY_PHASE_STRIP = NO;
				DEBUG_INFORMATION_FORMAT = dwarf;
				ENABLE_STRICT_OBJC_MSGSEND = YES;
				ENABLE_TESTABILITY = YES;
				ENABLE_USER_SCRIPT_SANDBOXING = YES;
				GCC_C_LANGUAGE_STANDARD = gnu17;
				GCC_DYNAMIC_NO_PIC = NO;
				GCC_NO_COMMON_BLOCKS = YES;
				GCC_OPTIMIZATION_LEVEL = 0;
				GCC_PREPROCESSOR_DEFINITIONS = (
					"DEBUG=1",
					"$(inherited)",
				);
				GCC_WARN_64_TO_32_BIT_CONVERSION = YES;
				GCC_WARN_ABOUT_RETURN_TYPE = YES_ERROR;
				GCC_WARN_UNDECLARED_SELECTOR = YES;
				GCC_WARN_UNINITIALIZED_AUTOS = YES_AGGRESSIVE;
				GCC_WARN_UNUSED_FUNCTION = YES;
				GCC_WARN_UNUSED_VARIABLE = YES;
				IPHONEOS_DEPLOYMENT_TARGET = 17.0;
				LOCALIZATION_PREFERS_STRING_CATALOGS = YES;
				MTL_ENABLE_DEBUG_INFO = INCLUDE_SOURCE;
				MTL_FAST_MATH = YES;
				ONLY_ACTIVE_ARCH = YES;
				SDKROOT = iphoneos;
				SWIFT_ACTIVE_COMPILATION_CONDITIONS = "DEBUG $(inherited)";
				SWIFT_OPTIMIZATION_LEVEL = "-Onone";
			};
			name = Debug;
		};
		5771703C2B0EEEA000EA4D46 /* Release */ = {
			isa = XCBuildConfiguration;
			buildSettings = {
				ALWAYS_SEARCH_USER_PATHS = NO;
				ASSETCATALOG_COMPILER_GENERATE_SWIFT_ASSET_SYMBOL_EXTENSIONS = YES;
				CLANG_ANALYZER_LOCALIZABILITY_NONLOCALIZED = YES;
				CLANG_ANALYZER_NONNULL = YES;
				CLANG_ANALYZER_NUMBER_OBJECT_CONVERSION = YES_AGGRESSIVE;
				CLANG_CXX_LANGUAGE_STANDARD = "gnu++20";
				CLANG_ENABLE_MODULES = YES;
				CLANG_ENABLE_OBJC_ARC = YES;
				CLANG_ENABLE_OBJC_WEAK = YES;
				CLANG_WARN_BLOCK_CAPTURE_AUTORELEASING = YES;
				CLANG_WARN_BOOL_CONVERSION = YES;
				CLANG_WARN_COMMA = YES;
				CLANG_WARN_CONSTANT_CONVERSION = YES;
				CLANG_WARN_DEPRECATED_OBJC_IMPLEMENTATIONS = YES;
				CLANG_WARN_DIRECT_OBJC_ISA_USAGE = YES_ERROR;
				CLANG_WARN_DOCUMENTATION_COMMENTS = YES;
				CLANG_WARN_EMPTY_BODY = YES;
				CLANG_WARN_ENUM_CONVERSION = YES;
				CLANG_WARN_INFINITE_RECURSION = YES;
				CLANG_WARN_INT_CONVERSION = YES;
				CLANG_WARN_NON_LITERAL_NULL_CONVERSION = YES;
				CLANG_WARN_OBJC_IMPLICIT_RETAIN_SELF = YES;
				CLANG_WARN_OBJC_LITERAL_CONVERSION = YES;
				CLANG_WARN_OBJC_ROOT_CLASS = YES_ERROR;
				CLANG_WARN_QUOTED_INCLUDE_IN_FRAMEWORK_HEADER = YES;
				CLANG_WARN_RANGE_LOOP_ANALYSIS = YES;
				CLANG_WARN_STRICT_PROTOTYPES = YES;
				CLANG_WARN_SUSPICIOUS_MOVE = YES;
				CLANG_WARN_UNGUARDED_AVAILABILITY = YES_AGGRESSIVE;
				CLANG_WARN_UNREACHABLE_CODE = YES;
				CLANG_WARN__DUPLICATE_METHOD_MATCH = YES;
				COPY_PHASE_STRIP = NO;
				DEBUG_INFORMATION_FORMAT = "dwarf-with-dsym";
				ENABLE_NS_ASSERTIONS = NO;
				ENABLE_STRICT_OBJC_MSGSEND = YES;
				ENABLE_USER_SCRIPT_SANDBOXING = YES;
				GCC_C_LANGUAGE_STANDARD = gnu17;
				GCC_NO_COMMON_BLOCKS = YES;
				GCC_WARN_64_TO_32_BIT_CONVERSION = YES;
				GCC_WARN_ABOUT_RETURN_TYPE = YES_ERROR;
				GCC_WARN_UNDECLARED_SELECTOR = YES;
				GCC_WARN_UNINITIALIZED_AUTOS = YES_AGGRESSIVE;
				GCC_WARN_UNUSED_FUNCTION = YES;
				GCC_WARN_UNUSED_VARIABLE = YES;
				IPHONEOS_DEPLOYMENT_TARGET = 17.0;
				LOCALIZATION_PREFERS_STRING_CATALOGS = YES;
				MTL_ENABLE_DEBUG_INFO = NO;
				MTL_FAST_MATH = YES;
				SDKROOT = iphoneos;
				SWIFT_COMPILATION_MODE = wholemodule;
				VALIDATE_PRODUCT = YES;
			};
			name = Release;
		};
		5771703E2B0EEEA000EA4D46 /* Debug */ = {
			isa = XCBuildConfiguration;
			buildSettings = {
				ASSETCATALOG_COMPILER_APPICON_NAME = AppIcon;
				ASSETCATALOG_COMPILER_GLOBAL_ACCENT_COLOR_NAME = AccentColor;
				CODE_SIGN_STYLE = Automatic;
				CURRENT_PROJECT_VERSION = 1;
				DEVELOPMENT_ASSET_PATHS = "\"OttawaOpenDoors/Preview Content\"";
				DEVELOPMENT_TEAM = XL5334V765;
				ENABLE_PREVIEWS = YES;
				GENERATE_INFOPLIST_FILE = YES;
				INFOPLIST_KEY_LSApplicationCategoryType = "";
				INFOPLIST_KEY_NSLocationWhenInUseUsageDescription = "To show the distance between you and the building on the map, please grant location access";
				INFOPLIST_KEY_UIApplicationSceneManifest_Generation = YES;
				INFOPLIST_KEY_UIApplicationSupportsIndirectInputEvents = YES;
				INFOPLIST_KEY_UILaunchScreen_Generation = YES;
				INFOPLIST_KEY_UISupportedInterfaceOrientations_iPad = "UIInterfaceOrientationPortrait UIInterfaceOrientationPortraitUpsideDown UIInterfaceOrientationLandscapeLeft UIInterfaceOrientationLandscapeRight";
				INFOPLIST_KEY_UISupportedInterfaceOrientations_iPhone = "UIInterfaceOrientationPortrait UIInterfaceOrientationLandscapeLeft UIInterfaceOrientationLandscapeRight";
				INFOPLIST_KEY_UIUserInterfaceStyle = Light;
				LD_RUNPATH_SEARCH_PATHS = (
					"$(inherited)",
					"@executable_path/Frameworks",
				);
				MARKETING_VERSION = 1.0;
				PRODUCT_BUNDLE_IDENTIFIER = ca.serdar.OttawaOpenDoors;
				PRODUCT_NAME = "$(TARGET_NAME)";
				SWIFT_EMIT_LOC_STRINGS = YES;
				SWIFT_VERSION = 5.0;
				TARGETED_DEVICE_FAMILY = "1,2";
			};
			name = Debug;
		};
		5771703F2B0EEEA000EA4D46 /* Release */ = {
			isa = XCBuildConfiguration;
			buildSettings = {
				ASSETCATALOG_COMPILER_APPICON_NAME = AppIcon;
				ASSETCATALOG_COMPILER_GLOBAL_ACCENT_COLOR_NAME = AccentColor;
				CODE_SIGN_STYLE = Automatic;
				CURRENT_PROJECT_VERSION = 1;
				DEVELOPMENT_ASSET_PATHS = "\"OttawaOpenDoors/Preview Content\"";
				DEVELOPMENT_TEAM = XL5334V765;
				ENABLE_PREVIEWS = YES;
				GENERATE_INFOPLIST_FILE = YES;
				INFOPLIST_KEY_LSApplicationCategoryType = "";
				INFOPLIST_KEY_NSLocationWhenInUseUsageDescription = "To show the distance between you and the building on the map, please grant location access";
				INFOPLIST_KEY_UIApplicationSceneManifest_Generation = YES;
				INFOPLIST_KEY_UIApplicationSupportsIndirectInputEvents = YES;
				INFOPLIST_KEY_UILaunchScreen_Generation = YES;
				INFOPLIST_KEY_UISupportedInterfaceOrientations_iPad = "UIInterfaceOrientationPortrait UIInterfaceOrientationPortraitUpsideDown UIInterfaceOrientationLandscapeLeft UIInterfaceOrientationLandscapeRight";
				INFOPLIST_KEY_UISupportedInterfaceOrientations_iPhone = "UIInterfaceOrientationPortrait UIInterfaceOrientationLandscapeLeft UIInterfaceOrientationLandscapeRight";
				INFOPLIST_KEY_UIUserInterfaceStyle = Light;
				LD_RUNPATH_SEARCH_PATHS = (
					"$(inherited)",
					"@executable_path/Frameworks",
				);
				MARKETING_VERSION = 1.0;
				PRODUCT_BUNDLE_IDENTIFIER = ca.serdar.OttawaOpenDoors;
				PRODUCT_NAME = "$(TARGET_NAME)";
				SWIFT_EMIT_LOC_STRINGS = YES;
				SWIFT_VERSION = 5.0;
				TARGETED_DEVICE_FAMILY = "1,2";
			};
			name = Release;
		};
		577170412B0EEEA000EA4D46 /* Debug */ = {
			isa = XCBuildConfiguration;
			buildSettings = {
				ALWAYS_EMBED_SWIFT_STANDARD_LIBRARIES = YES;
				BUNDLE_LOADER = "$(TEST_HOST)";
				CODE_SIGN_STYLE = Automatic;
				CURRENT_PROJECT_VERSION = 1;
				DEVELOPMENT_TEAM = 3NJJC3ZC7F;
				GENERATE_INFOPLIST_FILE = YES;
				IPHONEOS_DEPLOYMENT_TARGET = 17.0;
				MARKETING_VERSION = 1.0;
				PRODUCT_BUNDLE_IDENTIFIER = ca.serdar.OttawaOpenDoorsTests;
				PRODUCT_NAME = "$(TARGET_NAME)";
				SWIFT_EMIT_LOC_STRINGS = NO;
				SWIFT_VERSION = 5.0;
				TARGETED_DEVICE_FAMILY = "1,2";
				TEST_HOST = "$(BUILT_PRODUCTS_DIR)/OttawaOpenDoors.app/$(BUNDLE_EXECUTABLE_FOLDER_PATH)/OttawaOpenDoors";
			};
			name = Debug;
		};
		577170422B0EEEA000EA4D46 /* Release */ = {
			isa = XCBuildConfiguration;
			buildSettings = {
				ALWAYS_EMBED_SWIFT_STANDARD_LIBRARIES = YES;
				BUNDLE_LOADER = "$(TEST_HOST)";
				CODE_SIGN_STYLE = Automatic;
				CURRENT_PROJECT_VERSION = 1;
				DEVELOPMENT_TEAM = 3NJJC3ZC7F;
				GENERATE_INFOPLIST_FILE = YES;
				IPHONEOS_DEPLOYMENT_TARGET = 17.0;
				MARKETING_VERSION = 1.0;
				PRODUCT_BUNDLE_IDENTIFIER = ca.serdar.OttawaOpenDoorsTests;
				PRODUCT_NAME = "$(TARGET_NAME)";
				SWIFT_EMIT_LOC_STRINGS = NO;
				SWIFT_VERSION = 5.0;
				TARGETED_DEVICE_FAMILY = "1,2";
				TEST_HOST = "$(BUILT_PRODUCTS_DIR)/OttawaOpenDoors.app/$(BUNDLE_EXECUTABLE_FOLDER_PATH)/OttawaOpenDoors";
			};
			name = Release;
		};
		577170442B0EEEA000EA4D46 /* Debug */ = {
			isa = XCBuildConfiguration;
			buildSettings = {
				ALWAYS_EMBED_SWIFT_STANDARD_LIBRARIES = YES;
				CODE_SIGN_STYLE = Automatic;
				CURRENT_PROJECT_VERSION = 1;
				DEVELOPMENT_TEAM = 3NJJC3ZC7F;
				GENERATE_INFOPLIST_FILE = YES;
				MARKETING_VERSION = 1.0;
				PRODUCT_BUNDLE_IDENTIFIER = ca.serdar.OttawaOpenDoorsUITests;
				PRODUCT_NAME = "$(TARGET_NAME)";
				SWIFT_EMIT_LOC_STRINGS = NO;
				SWIFT_VERSION = 5.0;
				TARGETED_DEVICE_FAMILY = "1,2";
				TEST_TARGET_NAME = OttawaOpenDoors;
			};
			name = Debug;
		};
		577170452B0EEEA000EA4D46 /* Release */ = {
			isa = XCBuildConfiguration;
			buildSettings = {
				ALWAYS_EMBED_SWIFT_STANDARD_LIBRARIES = YES;
				CODE_SIGN_STYLE = Automatic;
				CURRENT_PROJECT_VERSION = 1;
				DEVELOPMENT_TEAM = 3NJJC3ZC7F;
				GENERATE_INFOPLIST_FILE = YES;
				MARKETING_VERSION = 1.0;
				PRODUCT_BUNDLE_IDENTIFIER = ca.serdar.OttawaOpenDoorsUITests;
				PRODUCT_NAME = "$(TARGET_NAME)";
				SWIFT_EMIT_LOC_STRINGS = NO;
				SWIFT_VERSION = 5.0;
				TARGETED_DEVICE_FAMILY = "1,2";
				TEST_TARGET_NAME = OttawaOpenDoors;
			};
			name = Release;
		};
/* End XCBuildConfiguration section */

/* Begin XCConfigurationList section */
		577170142B0EEE9E00EA4D46 /* Build configuration list for PBXProject "OttawaOpenDoors" */ = {
			isa = XCConfigurationList;
			buildConfigurations = (
				5771703B2B0EEEA000EA4D46 /* Debug */,
				5771703C2B0EEEA000EA4D46 /* Release */,
			);
			defaultConfigurationIsVisible = 0;
			defaultConfigurationName = Release;
		};
		5771703D2B0EEEA000EA4D46 /* Build configuration list for PBXNativeTarget "OttawaOpenDoors" */ = {
			isa = XCConfigurationList;
			buildConfigurations = (
				5771703E2B0EEEA000EA4D46 /* Debug */,
				5771703F2B0EEEA000EA4D46 /* Release */,
			);
			defaultConfigurationIsVisible = 0;
			defaultConfigurationName = Release;
		};
		577170402B0EEEA000EA4D46 /* Build configuration list for PBXNativeTarget "OttawaOpenDoorsTests" */ = {
			isa = XCConfigurationList;
			buildConfigurations = (
				577170412B0EEEA000EA4D46 /* Debug */,
				577170422B0EEEA000EA4D46 /* Release */,
			);
			defaultConfigurationIsVisible = 0;
			defaultConfigurationName = Release;
		};
		577170432B0EEEA000EA4D46 /* Build configuration list for PBXNativeTarget "OttawaOpenDoorsUITests" */ = {
			isa = XCConfigurationList;
			buildConfigurations = (
				577170442B0EEEA000EA4D46 /* Debug */,
				577170452B0EEEA000EA4D46 /* Release */,
			);
			defaultConfigurationIsVisible = 0;
			defaultConfigurationName = Release;
		};
/* End XCConfigurationList section */

/* Begin XCRemoteSwiftPackageReference section */
		572A8EAC2B27E95E0087A7A7 /* XCRemoteSwiftPackageReference "firebase-ios-sdk" */ = {
			isa = XCRemoteSwiftPackageReference;
			repositoryURL = "https://github.com/firebase/firebase-ios-sdk";
			requirement = {
				kind = upToNextMajorVersion;
				minimumVersion = 10.19.0;
			};
		};
/* End XCRemoteSwiftPackageReference section */

/* Begin XCSwiftPackageProductDependency section */
		572A8EAD2B27E95F0087A7A7 /* FirebaseAuth */ = {
			isa = XCSwiftPackageProductDependency;
			package = 572A8EAC2B27E95E0087A7A7 /* XCRemoteSwiftPackageReference "firebase-ios-sdk" */;
			productName = FirebaseAuth;
		};
		572A8EAF2B27E95F0087A7A7 /* FirebaseDatabase */ = {
			isa = XCSwiftPackageProductDependency;
			package = 572A8EAC2B27E95E0087A7A7 /* XCRemoteSwiftPackageReference "firebase-ios-sdk" */;
			productName = FirebaseDatabase;
		};
		572A8EB12B27E95F0087A7A7 /* FirebaseDatabaseSwift */ = {
			isa = XCSwiftPackageProductDependency;
			package = 572A8EAC2B27E95E0087A7A7 /* XCRemoteSwiftPackageReference "firebase-ios-sdk" */;
			productName = FirebaseDatabaseSwift;
		};
		572A8EB32B27E95F0087A7A7 /* FirebaseFirestoreSwift */ = {
			isa = XCSwiftPackageProductDependency;
			package = 572A8EAC2B27E95E0087A7A7 /* XCRemoteSwiftPackageReference "firebase-ios-sdk" */;
			productName = FirebaseFirestoreSwift;
		};
		572A8EB52B27E95F0087A7A7 /* FirebaseStorage */ = {
			isa = XCSwiftPackageProductDependency;
			package = 572A8EAC2B27E95E0087A7A7 /* XCRemoteSwiftPackageReference "firebase-ios-sdk" */;
			productName = FirebaseStorage;
		};
/* End XCSwiftPackageProductDependency section */
	};
	rootObject = 577170112B0EEE9E00EA4D46 /* Project object */;
}
